
Microsoft Visual Studio Solution File, Format Version 12.00
# Visual Studio Version 17
VisualStudioVersion = 17.0.31903.59
MinimumVisualStudioVersion = 10.0.40219.1
Project("{2150E333-8FDC-42A3-9474-1A3956D46DE8}") = "src", "src", "{827E0CD3-B72D-47B6-A68D-7590B98EB39B}"
EndProject
Project("{FAE04EC0-301F-11D3-BF4B-00C04F79EFBC}") = "Pulse.Worker", "src\Pulse.Worker\Pulse.Worker.csproj", "{2FF29AA0-CCE0-4143-8263-0C56A03D06EE}"
EndProject
Project("{FAE04EC0-301F-11D3-BF4B-00C04F79EFBC}") = "Pulse.Api", "src\Pulse.Api\Pulse.Api.csproj", "{37594D3C-BE69-4B9F-96D4-83D214173253}"
EndProject
Project("{FAE04EC0-301F-11D3-BF4B-00C04F79EFBC}") = "Pulse.Domain", "src\Pulse.Domain\Pulse.Domain.csproj", "{24845CE4-0DF4-4CB2-BBBE-7136C4767D0C}"
EndProject
Project("{FAE04EC0-301F-11D3-BF4B-00C04F79EFBC}") = "Pulse.Persistence", "src\Pulse.Persistence\Pulse.Persistence.csproj", "{BAC4C3E1-A741-4CCD-915B-F4EA175E7AF1}"
EndProject
Project("{2150E333-8FDC-42A3-9474-1A3956D46DE8}") = "tests", "tests", "{0AB3BF05-4346-4AA6-1389-037BE0695223}"
EndProject
Project("{FAE04EC0-301F-11D3-BF4B-00C04F79EFBC}") = "Pulse.Tests.Unit", "tests\Pulse.Tests.Unit\Pulse.Tests.Unit.csproj", "{A4F650AB-D064-47AB-B0A6-3C293E8D3AEE}"
EndProject
Project("{FAE04EC0-301F-11D3-BF4B-00C04F79EFBC}") = "Pulse.Tests.Integration", "tests\Pulse.Tests.Integration\Pulse.Tests.Integration.csproj", "{F02D8FD2-213F-4D52-932E-46BBE9DC5844}"
EndProject
Global
	GlobalSection(SolutionConfigurationPlatforms) = preSolution
		Debug|Any CPU = Debug|Any CPU
		Debug|x64 = Debug|x64
		Debug|x86 = Debug|x86
		Release|Any CPU = Release|Any CPU
		Release|x64 = Release|x64
		Release|x86 = Release|x86
	EndGlobalSection
	GlobalSection(ProjectConfigurationPlatforms) = postSolution
		{2FF29AA0-CCE0-4143-8263-0C56A03D06EE}.Debug|Any CPU.ActiveCfg = Debug|Any CPU
		{2FF29AA0-CCE0-4143-8263-0C56A03D06EE}.Debug|Any CPU.Build.0 = Debug|Any CPU
		{2FF29AA0-CCE0-4143-8263-0C56A03D06EE}.Debug|x64.ActiveCfg = Debug|Any CPU
		{2FF29AA0-CCE0-4143-8263-0C56A03D06EE}.Debug|x64.Build.0 = Debug|Any CPU
		{2FF29AA0-CCE0-4143-8263-0C56A03D06EE}.Debug|x86.ActiveCfg = Debug|Any CPU
		{2FF29AA0-CCE0-4143-8263-0C56A03D06EE}.Debug|x86.Build.0 = Debug|Any CPU
		{2FF29AA0-CCE0-4143-8263-0C56A03D06EE}.Release|Any CPU.ActiveCfg = Release|Any CPU
		{2FF29AA0-CCE0-4143-8263-0C56A03D06EE}.Release|Any CPU.Build.0 = Release|Any CPU
		{2FF29AA0-CCE0-4143-8263-0C56A03D06EE}.Release|x64.ActiveCfg = Release|Any CPU
		{2FF29AA0-CCE0-4143-8263-0C56A03D06EE}.Release|x64.Build.0 = Release|Any CPU
		{2FF29AA0-CCE0-4143-8263-0C56A03D06EE}.Release|x86.ActiveCfg = Release|Any CPU
		{2FF29AA0-CCE0-4143-8263-0C56A03D06EE}.Release|x86.Build.0 = Release|Any CPU
		{37594D3C-BE69-4B9F-96D4-83D214173253}.Debug|Any CPU.ActiveCfg = Debug|Any CPU
		{37594D3C-BE69-4B9F-96D4-83D214173253}.Debug|Any CPU.Build.0 = Debug|Any CPU
		{37594D3C-BE69-4B9F-96D4-83D214173253}.Debug|x64.ActiveCfg = Debug|Any CPU
		{37594D3C-BE69-4B9F-96D4-83D214173253}.Debug|x64.Build.0 = Debug|Any CPU
		{37594D3C-BE69-4B9F-96D4-83D214173253}.Debug|x86.ActiveCfg = Debug|Any CPU
		{37594D3C-BE69-4B9F-96D4-83D214173253}.Debug|x86.Build.0 = Debug|Any CPU
		{37594D3C-BE69-4B9F-96D4-83D214173253}.Release|Any CPU.ActiveCfg = Release|Any CPU
		{37594D3C-BE69-4B9F-96D4-83D214173253}.Release|Any CPU.Build.0 = Release|Any CPU
		{37594D3C-BE69-4B9F-96D4-83D214173253}.Release|x64.ActiveCfg = Release|Any CPU
		{37594D3C-BE69-4B9F-96D4-83D214173253}.Release|x64.Build.0 = Release|Any CPU
		{37594D3C-BE69-4B9F-96D4-83D214173253}.Release|x86.ActiveCfg = Release|Any CPU
		{37594D3C-BE69-4B9F-96D4-83D214173253}.Release|x86.Build.0 = Release|Any CPU
		{24845CE4-0DF4-4CB2-BBBE-7136C4767D0C}.Debug|Any CPU.ActiveCfg = Debug|Any CPU
		{24845CE4-0DF4-4CB2-BBBE-7136C4767D0C}.Debug|Any CPU.Build.0 = Debug|Any CPU
		{24845CE4-0DF4-4CB2-BBBE-7136C4767D0C}.Debug|x64.ActiveCfg = Debug|Any CPU
		{24845CE4-0DF4-4CB2-BBBE-7136C4767D0C}.Debug|x64.Build.0 = Debug|Any CPU
		{24845CE4-0DF4-4CB2-BBBE-7136C4767D0C}.Debug|x86.ActiveCfg = Debug|Any CPU
		{24845CE4-0DF4-4CB2-BBBE-7136C4767D0C}.Debug|x86.Build.0 = Debug|Any CPU
		{24845CE4-0DF4-4CB2-BBBE-7136C4767D0C}.Release|Any CPU.ActiveCfg = Release|Any CPU
		{24845CE4-0DF4-4CB2-BBBE-7136C4767D0C}.Release|Any CPU.Build.0 = Release|Any CPU
		{24845CE4-0DF4-4CB2-BBBE-7136C4767D0C}.Release|x64.ActiveCfg = Release|Any CPU
		{24845CE4-0DF4-4CB2-BBBE-7136C4767D0C}.Release|x64.Build.0 = Release|Any CPU
		{24845CE4-0DF4-4CB2-BBBE-7136C4767D0C}.Release|x86.ActiveCfg = Release|Any CPU
		{24845CE4-0DF4-4CB2-BBBE-7136C4767D0C}.Release|x86.Build.0 = Release|Any CPU
		{BAC4C3E1-A741-4CCD-915B-F4EA175E7AF1}.Debug|Any CPU.ActiveCfg = Debug|Any CPU
		{BAC4C3E1-A741-4CCD-915B-F4EA175E7AF1}.Debug|Any CPU.Build.0 = Debug|Any CPU
		{BAC4C3E1-A741-4CCD-915B-F4EA175E7AF1}.Debug|x64.ActiveCfg = Debug|Any CPU
		{BAC4C3E1-A741-4CCD-915B-F4EA175E7AF1}.Debug|x64.Build.0 = Debug|Any CPU
		{BAC4C3E1-A741-4CCD-915B-F4EA175E7AF1}.Debug|x86.ActiveCfg = Debug|Any CPU
		{BAC4C3E1-A741-4CCD-915B-F4EA175E7AF1}.Debug|x86.Build.0 = Debug|Any CPU
		{BAC4C3E1-A741-4CCD-915B-F4EA175E7AF1}.Release|Any CPU.ActiveCfg = Release|Any CPU
		{BAC4C3E1-A741-4CCD-915B-F4EA175E7AF1}.Release|Any CPU.Build.0 = Release|Any CPU
		{BAC4C3E1-A741-4CCD-915B-F4EA175E7AF1}.Release|x64.ActiveCfg = Release|Any CPU
		{BAC4C3E1-A741-4CCD-915B-F4EA175E7AF1}.Release|x64.Build.0 = Release|Any CPU
		{BAC4C3E1-A741-4CCD-915B-F4EA175E7AF1}.Release|x86.ActiveCfg = Release|Any CPU
		{BAC4C3E1-A741-4CCD-915B-F4EA175E7AF1}.Release|x86.Build.0 = Release|Any CPU
		{A4F650AB-D064-47AB-B0A6-3C293E8D3AEE}.Debug|Any CPU.ActiveCfg = Debug|Any CPU
		{A4F650AB-D064-47AB-B0A6-3C293E8D3AEE}.Debug|Any CPU.Build.0 = Debug|Any CPU
		{A4F650AB-D064-47AB-B0A6-3C293E8D3AEE}.Debug|x64.ActiveCfg = Debug|Any CPU
		{A4F650AB-D064-47AB-B0A6-3C293E8D3AEE}.Debug|x64.Build.0 = Debug|Any CPU
		{A4F650AB-D064-47AB-B0A6-3C293E8D3AEE}.Debug|x86.ActiveCfg = Debug|Any CPU
		{A4F650AB-D064-47AB-B0A6-3C293E8D3AEE}.Debug|x86.Build.0 = Debug|Any CPU
		{A4F650AB-D064-47AB-B0A6-3C293E8D3AEE}.Release|Any CPU.ActiveCfg = Release|Any CPU
		{A4F650AB-D064-47AB-B0A6-3C293E8D3AEE}.Release|Any CPU.Build.0 = Release|Any CPU
		{A4F650AB-D064-47AB-B0A6-3C293E8D3AEE}.Release|x64.ActiveCfg = Release|Any CPU
		{A4F650AB-D064-47AB-B0A6-3C293E8D3AEE}.Release|x64.Build.0 = Release|Any CPU
		{A4F650AB-D064-47AB-B0A6-3C293E8D3AEE}.Release|x86.ActiveCfg = Release|Any CPU
		{A4F650AB-D064-47AB-B0A6-3C293E8D3AEE}.Release|x86.Build.0 = Release|Any CPU
		{F02D8FD2-213F-4D52-932E-46BBE9DC5844}.Debug|Any CPU.ActiveCfg = Debug|Any CPU
		{F02D8FD2-213F-4D52-932E-46BBE9DC5844}.Debug|Any CPU.Build.0 = Debug|Any CPU
		{F02D8FD2-213F-4D52-932E-46BBE9DC5844}.Debug|x64.ActiveCfg = Debug|Any CPU
		{F02D8FD2-213F-4D52-932E-46BBE9DC5844}.Debug|x64.Build.0 = Debug|Any CPU
		{F02D8FD2-213F-4D52-932E-46BBE9DC5844}.Debug|x86.ActiveCfg = Debug|Any CPU
		{F02D8FD2-213F-4D52-932E-46BBE9DC5844}.Debug|x86.Build.0 = Debug|Any CPU
		{F02D8FD2-213F-4D52-932E-46BBE9DC5844}.Release|Any CPU.ActiveCfg = Release|Any CPU
		{F02D8FD2-213F-4D52-932E-46BBE9DC5844}.Release|Any CPU.Build.0 = Release|Any CPU
		{F02D8FD2-213F-4D52-932E-46BBE9DC5844}.Release|x64.ActiveCfg = Release|Any CPU
		{F02D8FD2-213F-4D52-932E-46BBE9DC5844}.Release|x64.Build.0 = Release|Any CPU
		{F02D8FD2-213F-4D52-932E-46BBE9DC5844}.Release|x86.ActiveCfg = Release|Any CPU
		{F02D8FD2-213F-4D52-932E-46BBE9DC5844}.Release|x86.Build.0 = Release|Any CPU
	EndGlobalSection
	GlobalSection(SolutionProperties) = preSolution
		HideSolutionNode = FALSE
	EndGlobalSection
	GlobalSection(NestedProjects) = preSolution
		{2FF29AA0-CCE0-4143-8263-0C56A03D06EE} = {827E0CD3-B72D-47B6-A68D-7590B98EB39B}
		{37594D3C-BE69-4B9F-96D4-83D214173253} = {827E0CD3-B72D-47B6-A68D-7590B98EB39B}
		{24845CE4-0DF4-4CB2-BBBE-7136C4767D0C} = {827E0CD3-B72D-47B6-A68D-7590B98EB39B}
		{BAC4C3E1-A741-4CCD-915B-F4EA175E7AF1} = {827E0CD3-B72D-47B6-A68D-7590B98EB39B}
		{A4F650AB-D064-47AB-B0A6-3C293E8D3AEE} = {0AB3BF05-4346-4AA6-1389-037BE0695223}
		{F02D8FD2-213F-4D52-932E-46BBE9DC5844} = {0AB3BF05-4346-4AA6-1389-037BE0695223}
	EndGlobalSection
EndGlobal
